
Microsoft Visual Studio Solution File, Format Version 12.00
# Visual Studio 15
VisualStudioVersion = 15.0.28307.572
MinimumVisualStudioVersion = 10.0.40219.1
Project("{8BC9CEB8-8B4A-11D0-8D11-00A0C91BC942}") = "107AEA002_HW9", "107AEA002_HW9\107AEA002_HW9.vcxproj", "{CC85536E-8364-4336-B2F6-C858C1BEEB84}"
EndProject
Global
	GlobalSection(SolutionConfigurationPlatforms) = preSolution
		Debug|x64 = Debug|x64
		Debug|x86 = Debug|x86
		Release|x64 = Release|x64
		Release|x86 = Release|x86
	EndGlobalSection
	GlobalSection(ProjectConfigurationPlatforms) = postSolution
		{CC85536E-8364-4336-B2F6-C858C1BEEB84}.Debug|x64.ActiveCfg = Debug|x64
		{CC85536E-8364-4336-B2F6-C858C1BEEB84}.Debug|x64.Build.0 = Debug|x64
		{CC85536E-8364-4336-B2F6-C858C1BEEB84}.Debug|x86.ActiveCfg = Debug|Win32
		{CC85536E-8364-4336-B2F6-C858C1BEEB84}.Debug|x86.Build.0 = Debug|Win32
		{CC85536E-8364-4336-B2F6-C858C1BEEB84}.Release|x64.ActiveCfg = Release|x64
		{CC85536E-8364-4336-B2F6-C858C1BEEB84}.Release|x64.Build.0 = Release|x64
		{CC85536E-8364-4336-B2F6-C858C1BEEB84}.Release|x86.ActiveCfg = Release|Win32
		{CC85536E-8364-4336-B2F6-C858C1BEEB84}.Release|x86.Build.0 = Release|Win32
	EndGlobalSection
	GlobalSection(SolutionProperties) = preSolution
		HideSolutionNode = FALSE
	EndGlobalSection
	GlobalSection(ExtensibilityGlobals) = postSolution
		SolutionGuid = {161707BE-754E-4321-8774-6ED1917D1F97}
	EndGlobalSection
EndGlobal
